{
  "version": 4,
  "terraform_version": "1.1.4",
  "serial": 20,
  "lineage": "a83abd3a-f7e8-d177-7c5f-da6493fc3233",
  "outputs": {},
  "resources": [
    {
      "mode": "managed",
      "type": "azurerm_app_service",
      "name": "dev-aquib-appservice",
      "provider": "provider[\"registry.terraform.io/hashicorp/azurerm\"]",
      "instances": [
        {
          "schema_version": 0,
          "attributes": {
            "app_service_plan_id": "/subscriptions/55cf0ba9-e3c1-4ced-b5e9-5abb7b4d39b1/resourceGroups/rg_aquib_dev/providers/Microsoft.Web/serverfarms/dev_plan_appservice",
            "app_settings": {
              "WEBSITE_NODE_DEFAULT_VERSION": "6.9.1"
            },
            "auth_settings": [
              {
                "active_directory": [],
                "additional_login_params": {},
                "allowed_external_redirect_urls": [],
                "default_provider": "",
                "enabled": false,
                "facebook": [],
                "google": [],
                "issuer": "",
                "microsoft": [],
                "runtime_version": "",
                "token_refresh_extension_hours": 0,
                "token_store_enabled": false,
                "twitter": [],
                "unauthenticated_client_action": ""
              }
            ],
            "backup": [],
            "client_affinity_enabled": false,
            "client_cert_enabled": false,
            "client_cert_mode": "Required",
            "connection_string": [],
            "custom_domain_verification_id": "4EA6B44EA9CBA2A613FD589B927B130B24169E88A4BDAF1A7C9287D2870DD22E",
            "default_site_hostname": "dev-aquib-appservice.azurewebsites.net",
            "enabled": true,
            "https_only": false,
            "id": "/subscriptions/55cf0ba9-e3c1-4ced-b5e9-5abb7b4d39b1/resourceGroups/rg_aquib_dev/providers/Microsoft.Web/sites/dev-aquib-appservice",
            "identity": [],
            "key_vault_reference_identity_id": "SystemAssigned",
            "location": "centralindia",
            "logs": [
              {
                "application_logs": [
                  {
                    "azure_blob_storage": [],
                    "file_system_level": "Off"
                  }
                ],
                "detailed_error_messages_enabled": false,
                "failed_request_tracing_enabled": false,
                "http_logs": [
                  {
                    "azure_blob_storage": [],
                    "file_system": []
                  }
                ]
              }
            ],
            "name": "dev-aquib-appservice",
            "outbound_ip_address_list": [
              "20.193.231.232",
              "20.193.229.74",
              "20.198.103.253",
              "20.193.228.0",
              "52.172.239.170",
              "40.80.95.131",
              "20.192.98.162"
            ],
            "outbound_ip_addresses": "20.193.231.232,20.193.229.74,20.198.103.253,20.193.228.0,52.172.239.170,40.80.95.131,20.192.98.162",
            "possible_outbound_ip_address_list": [
              "20.193.231.232",
              "20.193.229.74",
              "20.198.103.253",
              "20.193.228.0",
              "52.172.239.170",
              "40.80.95.131",
              "20.198.96.142",
              "20.198.100.54",
              "20.198.99.133",
              "52.172.235.55",
              "20.198.102.110",
              "52.172.232.196",
              "52.172.238.52",
              "40.80.93.152",
              "52.172.237.65",
              "20.204.49.171",
              "20.204.55.251",
              "20.204.100.145",
              "20.204.55.42",
              "20.204.51.94",
              "20.198.101.131",
              "52.172.232.173",
              "20.204.53.213",
              "20.204.100.169",
              "52.172.237.194",
              "52.172.234.162",
              "20.193.247.20",
              "20.204.101.186",
              "20.204.102.251",
              "20.204.103.173",
              "20.192.98.162"
            ],
            "possible_outbound_ip_addresses": "20.193.231.232,20.193.229.74,20.198.103.253,20.193.228.0,52.172.239.170,40.80.95.131,20.198.96.142,20.198.100.54,20.198.99.133,52.172.235.55,20.198.102.110,52.172.232.196,52.172.238.52,40.80.93.152,52.172.237.65,20.204.49.171,20.204.55.251,20.204.100.145,20.204.55.42,20.204.51.94,20.198.101.131,52.172.232.173,20.204.53.213,20.204.100.169,52.172.237.194,52.172.234.162,20.193.247.20,20.204.101.186,20.204.102.251,20.204.103.173,20.192.98.162",
            "resource_group_name": "rg_aquib_dev",
            "site_config": [
              {
                "acr_use_managed_identity_credentials": false,
                "acr_user_managed_identity_client_id": "",
                "always_on": false,
                "app_command_line": "",
                "auto_swap_slot_name": "",
                "cors": [],
                "default_documents": [
                  "Default.htm",
                  "Default.html",
                  "Default.asp",
                  "index.htm",
                  "index.html",
                  "iisstart.htm",
                  "default.aspx",
                  "index.php",
                  "hostingstart.html"
                ],
                "dotnet_framework_version": "v4.0",
                "ftps_state": "AllAllowed",
                "health_check_path": "",
                "http2_enabled": false,
                "ip_restriction": [],
                "java_container": "",
                "java_container_version": "",
                "java_version": "",
                "linux_fx_version": "",
                "local_mysql_enabled": false,
                "managed_pipeline_mode": "Integrated",
                "min_tls_version": "1.2",
                "number_of_workers": 1,
                "php_version": "5.6",
                "python_version": "",
                "remote_debugging_enabled": false,
                "remote_debugging_version": "",
                "scm_ip_restriction": [],
                "scm_type": "None",
                "scm_use_main_ip_restriction": false,
                "use_32_bit_worker_process": true,
                "vnet_route_all_enabled": false,
                "websockets_enabled": false,
                "windows_fx_version": ""
              }
            ],
            "site_credential": [
              {
                "password": "d5KQgX4K7XTPxLBYr0NxL4Ei9kjgswwh9ivBtRgcqWMpMKr9XukX3NWPpHKP",
                "username": "$dev-aquib-appservice"
              }
            ],
            "source_control": [
              {
                "branch": "master",
                "manual_integration": false,
                "repo_url": "",
                "rollback_enabled": false,
                "use_mercurial": false
              }
            ],
            "storage_account": [],
            "tags": {},
            "timeouts": null
          },
          "sensitive_attributes": [],
          "private": "eyJlMmJmYjczMC1lY2FhLTExZTYtOGY4OC0zNDM2M2JjN2M0YzAiOnsiY3JlYXRlIjoxODAwMDAwMDAwMDAwLCJkZWxldGUiOjE4MDAwMDAwMDAwMDAsInJlYWQiOjMwMDAwMDAwMDAwMCwidXBkYXRlIjoxODAwMDAwMDAwMDAwfX0=",
          "dependencies": [
            "azurerm_app_service_plan.dev_plan_appservice",
            "azurerm_resource_group.rg_aquib_dev"
          ]
        }
      ]
    },
    {
      "mode": "managed",
      "type": "azurerm_app_service",
      "name": "qa-aquib-appservice",
      "provider": "provider[\"registry.terraform.io/hashicorp/azurerm\"]",
      "instances": [
        {
          "schema_version": 0,
          "attributes": {
            "app_service_plan_id": "/subscriptions/55cf0ba9-e3c1-4ced-b5e9-5abb7b4d39b1/resourceGroups/rg_aquib_qa/providers/Microsoft.Web/serverfarms/qa_plan_appservice",
            "app_settings": {
              "WEBSITE_NODE_DEFAULT_VERSION": "6.9.1"
            },
            "auth_settings": [
              {
                "active_directory": [],
                "additional_login_params": {},
                "allowed_external_redirect_urls": [],
                "default_provider": "",
                "enabled": false,
                "facebook": [],
                "google": [],
                "issuer": "",
                "microsoft": [],
                "runtime_version": "",
                "token_refresh_extension_hours": 0,
                "token_store_enabled": false,
                "twitter": [],
                "unauthenticated_client_action": ""
              }
            ],
            "backup": [],
            "client_affinity_enabled": false,
            "client_cert_enabled": false,
            "client_cert_mode": "Required",
            "connection_string": [],
            "custom_domain_verification_id": "4EA6B44EA9CBA2A613FD589B927B130B24169E88A4BDAF1A7C9287D2870DD22E",
            "default_site_hostname": "qa-aquib-appservicee.azurewebsites.net",
            "enabled": true,
            "https_only": false,
            "id": "/subscriptions/55cf0ba9-e3c1-4ced-b5e9-5abb7b4d39b1/resourceGroups/rg_aquib_qa/providers/Microsoft.Web/sites/qa-aquib-appservicee",
            "identity": [],
            "key_vault_reference_identity_id": "SystemAssigned",
            "location": "centralindia",
            "logs": [
              {
                "application_logs": [
                  {
                    "azure_blob_storage": [],
                    "file_system_level": "Off"
                  }
                ],
                "detailed_error_messages_enabled": false,
                "failed_request_tracing_enabled": false,
                "http_logs": [
                  {
                    "azure_blob_storage": [],
                    "file_system": []
                  }
                ]
              }
            ],
            "name": "qa-aquib-appservicee",
            "outbound_ip_address_list": [
              "20.193.231.232",
              "20.193.229.74",
              "20.198.103.253",
              "20.193.228.0",
              "52.172.239.170",
              "40.80.95.131",
              "20.192.98.162"
            ],
            "outbound_ip_addresses": "20.193.231.232,20.193.229.74,20.198.103.253,20.193.228.0,52.172.239.170,40.80.95.131,20.192.98.162",
            "possible_outbound_ip_address_list": [
              "20.193.231.232",
              "20.193.229.74",
              "20.198.103.253",
              "20.193.228.0",
              "52.172.239.170",
              "40.80.95.131",
              "20.198.96.142",
              "20.198.100.54",
              "20.198.99.133",
              "52.172.235.55",
              "20.198.102.110",
              "52.172.232.196",
              "52.172.238.52",
              "40.80.93.152",
              "52.172.237.65",
              "20.204.49.171",
              "20.204.55.251",
              "20.204.100.145",
              "20.204.55.42",
              "20.204.51.94",
              "20.198.101.131",
              "52.172.232.173",
              "20.204.53.213",
              "20.204.100.169",
              "52.172.237.194",
              "52.172.234.162",
              "20.193.247.20",
              "20.204.101.186",
              "20.204.102.251",
              "20.204.103.173",
              "20.192.98.162"
            ],
            "possible_outbound_ip_addresses": "20.193.231.232,20.193.229.74,20.198.103.253,20.193.228.0,52.172.239.170,40.80.95.131,20.198.96.142,20.198.100.54,20.198.99.133,52.172.235.55,20.198.102.110,52.172.232.196,52.172.238.52,40.80.93.152,52.172.237.65,20.204.49.171,20.204.55.251,20.204.100.145,20.204.55.42,20.204.51.94,20.198.101.131,52.172.232.173,20.204.53.213,20.204.100.169,52.172.237.194,52.172.234.162,20.193.247.20,20.204.101.186,20.204.102.251,20.204.103.173,20.192.98.162",
            "resource_group_name": "rg_aquib_qa",
            "site_config": [
              {
                "acr_use_managed_identity_credentials": false,
                "acr_user_managed_identity_client_id": "",
                "always_on": false,
                "app_command_line": "",
                "auto_swap_slot_name": "",
                "cors": [],
                "default_documents": [
                  "Default.htm",
                  "Default.html",
                  "Default.asp",
                  "index.htm",
                  "index.html",
                  "iisstart.htm",
                  "default.aspx",
                  "index.php",
                  "hostingstart.html"
                ],
                "dotnet_framework_version": "v4.0",
                "ftps_state": "AllAllowed",
                "health_check_path": "",
                "http2_enabled": false,
                "ip_restriction": [],
                "java_container": "",
                "java_container_version": "",
                "java_version": "",
                "linux_fx_version": "",
                "local_mysql_enabled": false,
                "managed_pipeline_mode": "Integrated",
                "min_tls_version": "1.2",
                "number_of_workers": 1,
                "php_version": "5.6",
                "python_version": "",
                "remote_debugging_enabled": false,
                "remote_debugging_version": "",
                "scm_ip_restriction": [],
                "scm_type": "None",
                "scm_use_main_ip_restriction": false,
                "use_32_bit_worker_process": true,
                "vnet_route_all_enabled": false,
                "websockets_enabled": false,
                "windows_fx_version": ""
              }
            ],
            "site_credential": [
              {
                "password": "tjHSz8lYsLvifig7pqW3Z0oaD2xzxf17YxdZTZeHcJXhYsTmYn7Q6PoieShp",
                "username": "$qa-aquib-appservicee"
              }
            ],
            "source_control": [
              {
                "branch": "master",
                "manual_integration": false,
                "repo_url": "",
                "rollback_enabled": false,
                "use_mercurial": false
              }
            ],
            "storage_account": [],
            "tags": {},
            "timeouts": null
          },
          "sensitive_attributes": [],
          "private": "eyJlMmJmYjczMC1lY2FhLTExZTYtOGY4OC0zNDM2M2JjN2M0YzAiOnsiY3JlYXRlIjoxODAwMDAwMDAwMDAwLCJkZWxldGUiOjE4MDAwMDAwMDAwMDAsInJlYWQiOjMwMDAwMDAwMDAwMCwidXBkYXRlIjoxODAwMDAwMDAwMDAwfX0=",
          "dependencies": [
            "azurerm_app_service_plan.qa_plan_appservice",
            "azurerm_resource_group.rg_aquib_qa"
          ]
        }
      ]
    },
    {
      "mode": "managed",
      "type": "azurerm_app_service_plan",
      "name": "dev_plan_appservice",
      "provider": "provider[\"registry.terraform.io/hashicorp/azurerm\"]",
      "instances": [
        {
          "schema_version": 0,
          "attributes": {
            "app_service_environment_id": "",
            "id": "/subscriptions/55cf0ba9-e3c1-4ced-b5e9-5abb7b4d39b1/resourceGroups/rg_aquib_dev/providers/Microsoft.Web/serverfarms/dev_plan_appservice",
            "is_xenon": false,
            "kind": "Windows",
            "location": "centralindia",
            "maximum_elastic_worker_count": 1,
            "maximum_number_of_workers": 10,
            "name": "dev_plan_appservice",
            "per_site_scaling": false,
            "reserved": false,
            "resource_group_name": "rg_aquib_dev",
            "sku": [
              {
                "capacity": 1,
                "size": "S1",
                "tier": "Standard"
              }
            ],
            "tags": {},
            "timeouts": null,
            "zone_redundant": false
          },
          "sensitive_attributes": [],
          "private": "eyJlMmJmYjczMC1lY2FhLTExZTYtOGY4OC0zNDM2M2JjN2M0YzAiOnsiY3JlYXRlIjozNjAwMDAwMDAwMDAwLCJkZWxldGUiOjM2MDAwMDAwMDAwMDAsInJlYWQiOjMwMDAwMDAwMDAwMCwidXBkYXRlIjozNjAwMDAwMDAwMDAwfX0=",
          "dependencies": [
            "azurerm_resource_group.rg_aquib_dev"
          ]
        }
      ]
    },
    {
      "mode": "managed",
      "type": "azurerm_app_service_plan",
      "name": "qa_plan_appservice",
      "provider": "provider[\"registry.terraform.io/hashicorp/azurerm\"]",
      "instances": [
        {
          "schema_version": 0,
          "attributes": {
            "app_service_environment_id": "",
            "id": "/subscriptions/55cf0ba9-e3c1-4ced-b5e9-5abb7b4d39b1/resourceGroups/rg_aquib_qa/providers/Microsoft.Web/serverfarms/qa_plan_appservice",
            "is_xenon": false,
            "kind": "Windows",
            "location": "centralindia",
            "maximum_elastic_worker_count": 1,
            "maximum_number_of_workers": 10,
            "name": "qa_plan_appservice",
            "per_site_scaling": false,
            "reserved": false,
            "resource_group_name": "rg_aquib_qa",
            "sku": [
              {
                "capacity": 1,
                "size": "S1",
                "tier": "Standard"
              }
            ],
            "tags": {},
            "timeouts": null,
            "zone_redundant": false
          },
          "sensitive_attributes": [],
          "private": "eyJlMmJmYjczMC1lY2FhLTExZTYtOGY4OC0zNDM2M2JjN2M0YzAiOnsiY3JlYXRlIjozNjAwMDAwMDAwMDAwLCJkZWxldGUiOjM2MDAwMDAwMDAwMDAsInJlYWQiOjMwMDAwMDAwMDAwMCwidXBkYXRlIjozNjAwMDAwMDAwMDAwfX0=",
          "dependencies": [
            "azurerm_resource_group.rg_aquib_qa"
          ]
        }
      ]
    },
    {
      "mode": "managed",
      "type": "azurerm_resource_group",
      "name": "rg_aquib_dev",
      "provider": "provider[\"registry.terraform.io/hashicorp/azurerm\"]",
      "instances": [
        {
          "schema_version": 0,
          "attributes": {
            "id": "/subscriptions/55cf0ba9-e3c1-4ced-b5e9-5abb7b4d39b1/resourceGroups/rg_aquib_dev",
            "location": "centralindia",
            "name": "rg_aquib_dev",
            "tags": {},
            "timeouts": null
          },
          "sensitive_attributes": [],
          "private": "eyJlMmJmYjczMC1lY2FhLTExZTYtOGY4OC0zNDM2M2JjN2M0YzAiOnsiY3JlYXRlIjo1NDAwMDAwMDAwMDAwLCJkZWxldGUiOjU0MDAwMDAwMDAwMDAsInJlYWQiOjMwMDAwMDAwMDAwMCwidXBkYXRlIjo1NDAwMDAwMDAwMDAwfX0="
        }
      ]
    },
    {
      "mode": "managed",
      "type": "azurerm_resource_group",
      "name": "rg_aquib_qa",
      "provider": "provider[\"registry.terraform.io/hashicorp/azurerm\"]",
      "instances": [
        {
          "schema_version": 0,
          "attributes": {
            "id": "/subscriptions/55cf0ba9-e3c1-4ced-b5e9-5abb7b4d39b1/resourceGroups/rg_aquib_qa",
            "location": "centralindia",
            "name": "rg_aquib_qa",
            "tags": {},
            "timeouts": null
          },
          "sensitive_attributes": [],
          "private": "eyJlMmJmYjczMC1lY2FhLTExZTYtOGY4OC0zNDM2M2JjN2M0YzAiOnsiY3JlYXRlIjo1NDAwMDAwMDAwMDAwLCJkZWxldGUiOjU0MDAwMDAwMDAwMDAsInJlYWQiOjMwMDAwMDAwMDAwMCwidXBkYXRlIjo1NDAwMDAwMDAwMDAwfX0="
        }
      ]
    },
    {
      "mode": "managed",
      "type": "azurerm_storage_account",
      "name": "aquibdevstorageaccount",
      "provider": "provider[\"registry.terraform.io/hashicorp/azurerm\"]",
      "instances": [
        {
          "schema_version": 2,
          "attributes": {
            "access_tier": "Hot",
            "account_kind": "StorageV2",
            "account_replication_type": "GRS",
            "account_tier": "Standard",
            "allow_blob_public_access": false,
            "azure_files_authentication": [],
            "blob_properties": [
              {
                "change_feed_enabled": false,
                "container_delete_retention_policy": [],
                "cors_rule": [],
                "default_service_version": "",
                "delete_retention_policy": [],
                "last_access_time_enabled": false,
                "versioning_enabled": false
              }
            ],
            "custom_domain": [],
            "enable_https_traffic_only": true,
            "id": "/subscriptions/55cf0ba9-e3c1-4ced-b5e9-5abb7b4d39b1/resourceGroups/rg_aquib_dev/providers/Microsoft.Storage/storageAccounts/aquibdevstorageaccount",
            "identity": [],
            "is_hns_enabled": false,
            "large_file_share_enabled": null,
            "location": "centralindia",
            "min_tls_version": "TLS1_0",
            "name": "aquibdevstorageaccount",
            "network_rules": [
              {
                "bypass": [
                  "AzureServices"
                ],
                "default_action": "Allow",
                "ip_rules": [],
                "private_link_access": [],
                "virtual_network_subnet_ids": []
              }
            ],
            "nfsv3_enabled": false,
            "primary_access_key": "PjT+FOrSax3ILLxvf1ielnyZeQ4ce54nA65FlA7/y8Nfp6s22Smgh6d6MS9kqKkLb9oD9BtTRyFqA+h0fBjMGw==",
            "primary_blob_connection_string": "DefaultEndpointsProtocol=https;BlobEndpoint=https://aquibdevstorageaccount.blob.core.windows.net/;AccountName=aquibdevstorageaccount;AccountKey=PjT+FOrSax3ILLxvf1ielnyZeQ4ce54nA65FlA7/y8Nfp6s22Smgh6d6MS9kqKkLb9oD9BtTRyFqA+h0fBjMGw==",
            "primary_blob_endpoint": "https://aquibdevstorageaccount.blob.core.windows.net/",
            "primary_blob_host": "aquibdevstorageaccount.blob.core.windows.net",
            "primary_connection_string": "DefaultEndpointsProtocol=https;AccountName=aquibdevstorageaccount;AccountKey=PjT+FOrSax3ILLxvf1ielnyZeQ4ce54nA65FlA7/y8Nfp6s22Smgh6d6MS9kqKkLb9oD9BtTRyFqA+h0fBjMGw==;EndpointSuffix=core.windows.net",
            "primary_dfs_endpoint": "https://aquibdevstorageaccount.dfs.core.windows.net/",
            "primary_dfs_host": "aquibdevstorageaccount.dfs.core.windows.net",
            "primary_file_endpoint": "https://aquibdevstorageaccount.file.core.windows.net/",
            "primary_file_host": "aquibdevstorageaccount.file.core.windows.net",
            "primary_location": "centralindia",
            "primary_queue_endpoint": "https://aquibdevstorageaccount.queue.core.windows.net/",
            "primary_queue_host": "aquibdevstorageaccount.queue.core.windows.net",
            "primary_table_endpoint": "https://aquibdevstorageaccount.table.core.windows.net/",
            "primary_table_host": "aquibdevstorageaccount.table.core.windows.net",
            "primary_web_endpoint": "https://aquibdevstorageaccount.z29.web.core.windows.net/",
            "primary_web_host": "aquibdevstorageaccount.z29.web.core.windows.net",
            "queue_encryption_key_type": "Service",
            "queue_properties": [
              {
                "cors_rule": [],
                "hour_metrics": [
                  {
                    "enabled": true,
                    "include_apis": true,
                    "retention_policy_days": 7,
                    "version": "1.0"
                  }
                ],
                "logging": [
                  {
                    "delete": false,
                    "read": false,
                    "retention_policy_days": 0,
                    "version": "1.0",
                    "write": false
                  }
                ],
                "minute_metrics": [
                  {
                    "enabled": false,
                    "include_apis": false,
                    "retention_policy_days": 0,
                    "version": "1.0"
                  }
                ]
              }
            ],
            "resource_group_name": "rg_aquib_dev",
            "routing": [],
            "secondary_access_key": "aW/XK3LjcT03cTTfjzO5+ZvWVd20aAoFwI181+jSL/tq1jbjjyBwgOXEbZ8aqZYQ/w9ts+PwrsVdSoqR9VHhng==",
            "secondary_blob_connection_string": "",
            "secondary_blob_endpoint": null,
            "secondary_blob_host": null,
            "secondary_connection_string": "DefaultEndpointsProtocol=https;AccountName=aquibdevstorageaccount;AccountKey=aW/XK3LjcT03cTTfjzO5+ZvWVd20aAoFwI181+jSL/tq1jbjjyBwgOXEbZ8aqZYQ/w9ts+PwrsVdSoqR9VHhng==;EndpointSuffix=core.windows.net",
            "secondary_dfs_endpoint": null,
            "secondary_dfs_host": null,
            "secondary_file_endpoint": null,
            "secondary_file_host": null,
            "secondary_location": "southindia",
            "secondary_queue_endpoint": null,
            "secondary_queue_host": null,
            "secondary_table_endpoint": null,
            "secondary_table_host": null,
            "secondary_web_endpoint": null,
            "secondary_web_host": null,
            "share_properties": [
              {
                "cors_rule": [],
                "retention_policy": [
                  {
                    "days": 7
                  }
                ],
                "smb": []
              }
            ],
            "shared_access_key_enabled": true,
            "static_website": [],
            "table_encryption_key_type": "Service",
            "tags": {},
            "timeouts": null
          },
          "sensitive_attributes": [],
          "private": "eyJlMmJmYjczMC1lY2FhLTExZTYtOGY4OC0zNDM2M2JjN2M0YzAiOnsiY3JlYXRlIjozNjAwMDAwMDAwMDAwLCJkZWxldGUiOjM2MDAwMDAwMDAwMDAsInJlYWQiOjMwMDAwMDAwMDAwMCwidXBkYXRlIjozNjAwMDAwMDAwMDAwfSwic2NoZW1hX3ZlcnNpb24iOiIyIn0=",
          "dependencies": [
            "azurerm_resource_group.rg_aquib_dev"
          ]
        }
      ]
    },
    {
      "mode": "managed",
      "type": "azurerm_storage_account",
      "name": "aquibqastorageaccount",
      "provider": "provider[\"registry.terraform.io/hashicorp/azurerm\"]",
      "instances": [
        {
          "schema_version": 2,
          "attributes": {
            "access_tier": "Hot",
            "account_kind": "StorageV2",
            "account_replication_type": "GRS",
            "account_tier": "Standard",
            "allow_blob_public_access": false,
            "azure_files_authentication": [],
            "blob_properties": [
              {
                "change_feed_enabled": false,
                "container_delete_retention_policy": [],
                "cors_rule": [],
                "default_service_version": "",
                "delete_retention_policy": [],
                "last_access_time_enabled": false,
                "versioning_enabled": false
              }
            ],
            "custom_domain": [],
            "enable_https_traffic_only": true,
            "id": "/subscriptions/55cf0ba9-e3c1-4ced-b5e9-5abb7b4d39b1/resourceGroups/rg_aquib_qa/providers/Microsoft.Storage/storageAccounts/aquibqastorageaccount",
            "identity": [],
            "is_hns_enabled": false,
            "large_file_share_enabled": null,
            "location": "centralindia",
            "min_tls_version": "TLS1_0",
            "name": "aquibqastorageaccount",
            "network_rules": [
              {
                "bypass": [
                  "AzureServices"
                ],
                "default_action": "Allow",
                "ip_rules": [],
                "private_link_access": [],
                "virtual_network_subnet_ids": []
              }
            ],
            "nfsv3_enabled": false,
            "primary_access_key": "yr3AIeKsGzeqZdvss/V364dadJFm/ZBTcwFS2nbhwWAO3QF97KEy8/GHham4VhK17vLtJbgzgAmqnZVC7ndM5Q==",
            "primary_blob_connection_string": "DefaultEndpointsProtocol=https;BlobEndpoint=https://aquibqastorageaccount.blob.core.windows.net/;AccountName=aquibqastorageaccount;AccountKey=yr3AIeKsGzeqZdvss/V364dadJFm/ZBTcwFS2nbhwWAO3QF97KEy8/GHham4VhK17vLtJbgzgAmqnZVC7ndM5Q==",
            "primary_blob_endpoint": "https://aquibqastorageaccount.blob.core.windows.net/",
            "primary_blob_host": "aquibqastorageaccount.blob.core.windows.net",
            "primary_connection_string": "DefaultEndpointsProtocol=https;AccountName=aquibqastorageaccount;AccountKey=yr3AIeKsGzeqZdvss/V364dadJFm/ZBTcwFS2nbhwWAO3QF97KEy8/GHham4VhK17vLtJbgzgAmqnZVC7ndM5Q==;EndpointSuffix=core.windows.net",
            "primary_dfs_endpoint": "https://aquibqastorageaccount.dfs.core.windows.net/",
            "primary_dfs_host": "aquibqastorageaccount.dfs.core.windows.net",
            "primary_file_endpoint": "https://aquibqastorageaccount.file.core.windows.net/",
            "primary_file_host": "aquibqastorageaccount.file.core.windows.net",
            "primary_location": "centralindia",
            "primary_queue_endpoint": "https://aquibqastorageaccount.queue.core.windows.net/",
            "primary_queue_host": "aquibqastorageaccount.queue.core.windows.net",
            "primary_table_endpoint": "https://aquibqastorageaccount.table.core.windows.net/",
            "primary_table_host": "aquibqastorageaccount.table.core.windows.net",
            "primary_web_endpoint": "https://aquibqastorageaccount.z29.web.core.windows.net/",
            "primary_web_host": "aquibqastorageaccount.z29.web.core.windows.net",
            "queue_encryption_key_type": "Service",
            "queue_properties": [
              {
                "cors_rule": [],
                "hour_metrics": [
                  {
                    "enabled": true,
                    "include_apis": true,
                    "retention_policy_days": 7,
                    "version": "1.0"
                  }
                ],
                "logging": [
                  {
                    "delete": false,
                    "read": false,
                    "retention_policy_days": 0,
                    "version": "1.0",
                    "write": false
                  }
                ],
                "minute_metrics": [
                  {
                    "enabled": false,
                    "include_apis": false,
                    "retention_policy_days": 0,
                    "version": "1.0"
                  }
                ]
              }
            ],
            "resource_group_name": "rg_aquib_qa",
            "routing": [],
            "secondary_access_key": "tuJxcj7v/y5WM/V7MB1Ii3yOMW7t2qV5B/4crQV0UwDlL/iNp/sK84CbeMu6pArNBuQSgEHh8rB/QuSUl594/Q==",
            "secondary_blob_connection_string": "",
            "secondary_blob_endpoint": null,
            "secondary_blob_host": null,
            "secondary_connection_string": "DefaultEndpointsProtocol=https;AccountName=aquibqastorageaccount;AccountKey=tuJxcj7v/y5WM/V7MB1Ii3yOMW7t2qV5B/4crQV0UwDlL/iNp/sK84CbeMu6pArNBuQSgEHh8rB/QuSUl594/Q==;EndpointSuffix=core.windows.net",
            "secondary_dfs_endpoint": null,
            "secondary_dfs_host": null,
            "secondary_file_endpoint": null,
            "secondary_file_host": null,
            "secondary_location": "southindia",
            "secondary_queue_endpoint": null,
            "secondary_queue_host": null,
            "secondary_table_endpoint": null,
            "secondary_table_host": null,
            "secondary_web_endpoint": null,
            "secondary_web_host": null,
            "share_properties": [
              {
                "cors_rule": [],
                "retention_policy": [
                  {
                    "days": 7
                  }
                ],
                "smb": []
              }
            ],
            "shared_access_key_enabled": true,
            "static_website": [],
            "table_encryption_key_type": "Service",
            "tags": {},
            "timeouts": null
          },
          "sensitive_attributes": [],
          "private": "eyJlMmJmYjczMC1lY2FhLTExZTYtOGY4OC0zNDM2M2JjN2M0YzAiOnsiY3JlYXRlIjozNjAwMDAwMDAwMDAwLCJkZWxldGUiOjM2MDAwMDAwMDAwMDAsInJlYWQiOjMwMDAwMDAwMDAwMCwidXBkYXRlIjozNjAwMDAwMDAwMDAwfSwic2NoZW1hX3ZlcnNpb24iOiIyIn0=",
          "dependencies": [
            "azurerm_resource_group.rg_aquib_qa"
          ]
        }
      ]
    }
  ]
}
